
Microsoft Visual Studio Solution File, Format Version 12.00
# Visual Studio Version 17
VisualStudioVersion = 17.5.33424.131
MinimumVisualStudioVersion = 10.0.40219.1
Project("{FAE04EC0-301F-11D3-BF4B-00C04F79EFBC}") = "TeeTimes", "TeeTimes\TeeTimes.csproj", "{EFF469CF-CB0B-45CD-8376-EAFDB942A268}"
EndProject
Project("{FAE04EC0-301F-11D3-BF4B-00C04F79EFBC}") = "TeeTimes.Tests", "TeeTimes.Tests\TeeTimes.Tests.csproj", "{F23230DF-DCD5-42C0-A398-8DA3108C99E2}"
EndProject
Global
	GlobalSection(SolutionConfigurationPlatforms) = preSolution
		Debug|Any CPU = Debug|Any CPU
		Release|Any CPU = Release|Any CPU
	EndGlobalSection
	GlobalSection(ProjectConfigurationPlatforms) = postSolution
		{EFF469CF-CB0B-45CD-8376-EAFDB942A268}.Debug|Any CPU.ActiveCfg = Debug|Any CPU
		{EFF469CF-CB0B-45CD-8376-EAFDB942A268}.Debug|Any CPU.Build.0 = Debug|Any CPU
		{EFF469CF-CB0B-45CD-8376-EAFDB942A268}.Release|Any CPU.ActiveCfg = Release|Any CPU
		{EFF469CF-CB0B-45CD-8376-EAFDB942A268}.Release|Any CPU.Build.0 = Release|Any CPU
		{F23230DF-DCD5-42C0-A398-8DA3108C99E2}.Debug|Any CPU.ActiveCfg = Debug|Any CPU
		{F23230DF-DCD5-42C0-A398-8DA3108C99E2}.Debug|Any CPU.Build.0 = Debug|Any CPU
		{F23230DF-DCD5-42C0-A398-8DA3108C99E2}.Release|Any CPU.ActiveCfg = Release|Any CPU
		{F23230DF-DCD5-42C0-A398-8DA3108C99E2}.Release|Any CPU.Build.0 = Release|Any CPU
	EndGlobalSection
	GlobalSection(SolutionProperties) = preSolution
		HideSolutionNode = FALSE
	EndGlobalSection
	GlobalSection(ExtensibilityGlobals) = postSolution
		SolutionGuid = {399FEBD4-F099-47C1-96AF-09B872CEAD60}
	EndGlobalSection
EndGlobal
